
Microsoft Visual Studio Solution File, Format Version 12.00
# Visual Studio 15
Project("{FAE04EC0-301F-11D3-BF4B-00C04F79EFBC}") = "CalculatorEngine", "CalculatorEngine\CalculatorEngine.csproj", "{A29590FA-58F2-4384-9B1C-B06A0DD93E87}"
EndProject
Project("{FAE04EC0-301F-11D3-BF4B-00C04F79EFBC}") = "CalculatorEngine.Tests", "CalculatorEngine.Tests\CalculatorEngine.Tests.csproj", "{16D0862B-342E-437C-B4DE-6FE714EA0C33}"
EndProject
Global
	GlobalSection(SolutionConfigurationPlatforms) = preSolution
		Debug|Any CPU = Debug|Any CPU
		Release|Any CPU = Release|Any CPU
	EndGlobalSection
	GlobalSection(ProjectConfigurationPlatforms) = postSolution
		{A29590FA-58F2-4384-9B1C-B06A0DD93E87}.Debug|Any CPU.ActiveCfg = Debug|Any CPU
		{A29590FA-58F2-4384-9B1C-B06A0DD93E87}.Debug|Any CPU.Build.0 = Debug|Any CPU
		{A29590FA-58F2-4384-9B1C-B06A0DD93E87}.Release|Any CPU.ActiveCfg = Release|Any CPU
		{A29590FA-58F2-4384-9B1C-B06A0DD93E87}.Release|Any CPU.Build.0 = Release|Any CPU
		{16D0862B-342E-437C-B4DE-6FE714EA0C33}.Debug|Any CPU.ActiveCfg = Debug|Any CPU
		{16D0862B-342E-437C-B4DE-6FE714EA0C33}.Debug|Any CPU.Build.0 = Debug|Any CPU
		{16D0862B-342E-437C-B4DE-6FE714EA0C33}.Release|Any CPU.ActiveCfg = Release|Any CPU
		{16D0862B-342E-437C-B4DE-6FE714EA0C33}.Release|Any CPU.Build.0 = Release|Any CPU
	EndGlobalSection
EndGlobal
